// !$*UTF8*$!
{
	archiveVersion = 1;
	classes = {
	};
	objectVersion = 77;
	objects = {

/* Begin PBXBuildFile section */
		7DCC264A2CC07D86009A5C42 /* FirebaseAnalytics in Frameworks */ = {isa = PBXBuildFile; productRef = 7DCC26492CC07D86009A5C42 /* FirebaseAnalytics */; };
		7DCC264C2CC07D86009A5C42 /* FirebaseAuth in Frameworks */ = {isa = PBXBuildFile; productRef = 7DCC264B2CC07D86009A5C42 /* FirebaseAuth */; };
		7DCC264E2CC07D86009A5C42 /* FirebaseCore in Frameworks */ = {isa = PBXBuildFile; productRef = 7DCC264D2CC07D86009A5C42 /* FirebaseCore */; };
		7DCC26502CC07D86009A5C42 /* FirebaseDatabase in Frameworks */ = {isa = PBXBuildFile; productRef = 7DCC264F2CC07D86009A5C42 /* FirebaseDatabase */; };
/* End PBXBuildFile section */

/* Begin PBXContainerItemProxy section */
		9492FE9E2CB99D35007E2E2E /* PBXContainerItemProxy */ = {
			isa = PBXContainerItemProxy;
			containerPortal = 9492FE852CB99D33007E2E2E /* Project object */;
			proxyType = 1;
			remoteGlobalIDString = 9492FE8C2CB99D33007E2E2E;
			remoteInfo = Roomi;
		};
		9492FEA82CB99D35007E2E2E /* PBXContainerItemProxy */ = {
			isa = PBXContainerItemProxy;
			containerPortal = 9492FE852CB99D33007E2E2E /* Project object */;
			proxyType = 1;
			remoteGlobalIDString = 9492FE8C2CB99D33007E2E2E;
			remoteInfo = Roomi;
		};
/* End PBXContainerItemProxy section */

/* Begin PBXFileReference section */
		9492FE8D2CB99D33007E2E2E /* Roomi.app */ = {isa = PBXFileReference; explicitFileType = wrapper.application; includeInIndex = 0; path = Roomi.app; sourceTree = BUILT_PRODUCTS_DIR; };
		9492FE9D2CB99D35007E2E2E /* RoomiTests.xctest */ = {isa = PBXFileReference; explicitFileType = wrapper.cfbundle; includeInIndex = 0; path = RoomiTests.xctest; sourceTree = BUILT_PRODUCTS_DIR; };
		9492FEA72CB99D35007E2E2E /* RoomiUITests.xctest */ = {isa = PBXFileReference; explicitFileType = wrapper.cfbundle; includeInIndex = 0; path = RoomiUITests.xctest; sourceTree = BUILT_PRODUCTS_DIR; };
/* End PBXFileReference section */

/* Begin PBXFileSystemSynchronizedRootGroup section */
		9492FE8F2CB99D33007E2E2E /* Roomi */ = {
			isa = PBXFileSystemSynchronizedRootGroup;
			path = Roomi;
			sourceTree = "<group>";
		};
		9492FEA02CB99D35007E2E2E /* RoomiTests */ = {
			isa = PBXFileSystemSynchronizedRootGroup;
			path = RoomiTests;
			sourceTree = "<group>";
		};
		9492FEAA2CB99D35007E2E2E /* RoomiUITests */ = {
			isa = PBXFileSystemSynchronizedRootGroup;
			path = RoomiUITests;
			sourceTree = "<group>";
		};
/* End PBXFileSystemSynchronizedRootGroup section */

/* Begin PBXFrameworksBuildPhase section */
		9492FE8A2CB99D33007E2E2E /* Frameworks */ = {
			isa = PBXFrameworksBuildPhase;
			buildActionMask = 2147483647;
			files = (
				7DCC264A2CC07D86009A5C42 /* FirebaseAnalytics in Frameworks */,
				7DCC264E2CC07D86009A5C42 /* FirebaseCore in Frameworks */,
				7DCC26502CC07D86009A5C42 /* FirebaseDatabase in Frameworks */,
				7DCC264C2CC07D86009A5C42 /* FirebaseAuth in Frameworks */,
			);
			runOnlyForDeploymentPostprocessing = 0;
		};
		9492FE9A2CB99D35007E2E2E /* Frameworks */ = {
			isa = PBXFrameworksBuildPhase;
			buildActionMask = 2147483647;
			files = (
			);
			runOnlyForDeploymentPostprocessing = 0;
		};
		9492FEA42CB99D35007E2E2E /* Frameworks */ = {
			isa = PBXFrameworksBuildPhase;
			buildActionMask = 2147483647;
			files = (
			);
			runOnlyForDeploymentPostprocessing = 0;
		};
/* End PBXFrameworksBuildPhase section */

/* Begin PBXGroup section */
		9492FE842CB99D33007E2E2E = {
			isa = PBXGroup;
			children = (
				9492FE8F2CB99D33007E2E2E /* Roomi */,
				9492FEA02CB99D35007E2E2E /* RoomiTests */,
				9492FEAA2CB99D35007E2E2E /* RoomiUITests */,
				9492FE8E2CB99D33007E2E2E /* Products */,
			);
			sourceTree = "<group>";
		};
		9492FE8E2CB99D33007E2E2E /* Products */ = {
			isa = PBXGroup;
			children = (
				9492FE8D2CB99D33007E2E2E /* Roomi.app */,
				9492FE9D2CB99D35007E2E2E /* RoomiTests.xctest */,
				9492FEA72CB99D35007E2E2E /* RoomiUITests.xctest */,
			);
			name = Products;
			sourceTree = "<group>";
		};
/* End PBXGroup section */

/* Begin PBXNativeTarget section */
		9492FE8C2CB99D33007E2E2E /* Roomi */ = {
			isa = PBXNativeTarget;
			buildConfigurationList = 9492FEB12CB99D35007E2E2E /* Build configuration list for PBXNativeTarget "Roomi" */;
			buildPhases = (
				9492FE892CB99D33007E2E2E /* Sources */,
				9492FE8A2CB99D33007E2E2E /* Frameworks */,
				9492FE8B2CB99D33007E2E2E /* Resources */,
			);
			buildRules = (
			);
			dependencies = (
			);
			fileSystemSynchronizedGroups = (
				9492FE8F2CB99D33007E2E2E /* Roomi */,
			);
			name = Roomi;
			packageProductDependencies = (
				7DCC26492CC07D86009A5C42 /* FirebaseAnalytics */,
				7DCC264B2CC07D86009A5C42 /* FirebaseAuth */,
				7DCC264D2CC07D86009A5C42 /* FirebaseCore */,
				7DCC264F2CC07D86009A5C42 /* FirebaseDatabase */,
			);
			productName = Roomi;
			productReference = 9492FE8D2CB99D33007E2E2E /* Roomi.app */;
			productType = "com.apple.product-type.application";
		};
		9492FE9C2CB99D35007E2E2E /* RoomiTests */ = {
			isa = PBXNativeTarget;
			buildConfigurationList = 9492FEB42CB99D35007E2E2E /* Build configuration list for PBXNativeTarget "RoomiTests" */;
			buildPhases = (
				9492FE992CB99D35007E2E2E /* Sources */,
				9492FE9A2CB99D35007E2E2E /* Frameworks */,
				9492FE9B2CB99D35007E2E2E /* Resources */,
			);
			buildRules = (
			);
			dependencies = (
				9492FE9F2CB99D35007E2E2E /* PBXTargetDependency */,
			);
			fileSystemSynchronizedGroups = (
				9492FEA02CB99D35007E2E2E /* RoomiTests */,
			);
			name = RoomiTests;
			packageProductDependencies = (
			);
			productName = RoomiTests;
			productReference = 9492FE9D2CB99D35007E2E2E /* RoomiTests.xctest */;
			productType = "com.apple.product-type.bundle.unit-test";
		};
		9492FEA62CB99D35007E2E2E /* RoomiUITests */ = {
			isa = PBXNativeTarget;
			buildConfigurationList = 9492FEB72CB99D35007E2E2E /* Build configuration list for PBXNativeTarget "RoomiUITests" */;
			buildPhases = (
				9492FEA32CB99D35007E2E2E /* Sources */,
				9492FEA42CB99D35007E2E2E /* Frameworks */,
				9492FEA52CB99D35007E2E2E /* Resources */,
			);
			buildRules = (
			);
			dependencies = (
				9492FEA92CB99D35007E2E2E /* PBXTargetDependency */,
			);
			fileSystemSynchronizedGroups = (
				9492FEAA2CB99D35007E2E2E /* RoomiUITests */,
			);
			name = RoomiUITests;
			packageProductDependencies = (
			);
			productName = RoomiUITests;
			productReference = 9492FEA72CB99D35007E2E2E /* RoomiUITests.xctest */;
			productType = "com.apple.product-type.bundle.ui-testing";
		};
/* End PBXNativeTarget section */

/* Begin PBXProject section */
		9492FE852CB99D33007E2E2E /* Project object */ = {
			isa = PBXProject;
			attributes = {
				BuildIndependentTargetsInParallel = 1;
				LastSwiftUpdateCheck = 1600;
				LastUpgradeCheck = 1600;
				TargetAttributes = {
					9492FE8C2CB99D33007E2E2E = {
						CreatedOnToolsVersion = 16.0;
					};
					9492FE9C2CB99D35007E2E2E = {
						CreatedOnToolsVersion = 16.0;
						TestTargetID = 9492FE8C2CB99D33007E2E2E;
					};
					9492FEA62CB99D35007E2E2E = {
						CreatedOnToolsVersion = 16.0;
						TestTargetID = 9492FE8C2CB99D33007E2E2E;
					};
				};
			};
			buildConfigurationList = 9492FE882CB99D33007E2E2E /* Build configuration list for PBXProject "Roomi" */;
			developmentRegion = en;
			hasScannedForEncodings = 0;
			knownRegions = (
				en,
				Base,
			);
			mainGroup = 9492FE842CB99D33007E2E2E;
			minimizedProjectReferenceProxies = 1;
			packageReferences = (
				7DCC26482CC07D86009A5C42 /* XCRemoteSwiftPackageReference "firebase-ios-sdk" */,
			);
			preferredProjectObjectVersion = 77;
			productRefGroup = 9492FE8E2CB99D33007E2E2E /* Products */;
			projectDirPath = "";
			projectRoot = "";
			targets = (
				9492FE8C2CB99D33007E2E2E /* Roomi */,
				9492FE9C2CB99D35007E2E2E /* RoomiTests */,
				9492FEA62CB99D35007E2E2E /* RoomiUITests */,
			);
		};
/* End PBXProject section */

/* Begin PBXResourcesBuildPhase section */
		9492FE8B2CB99D33007E2E2E /* Resources */ = {
			isa = PBXResourcesBuildPhase;
			buildActionMask = 2147483647;
			files = (
			);
			runOnlyForDeploymentPostprocessing = 0;
		};
		9492FE9B2CB99D35007E2E2E /* Resources */ = {
			isa = PBXResourcesBuildPhase;
			buildActionMask = 2147483647;
			files = (
			);
			runOnlyForDeploymentPostprocessing = 0;
		};
		9492FEA52CB99D35007E2E2E /* Resources */ = {
			isa = PBXResourcesBuildPhase;
			buildActionMask = 2147483647;
			files = (
			);
			runOnlyForDeploymentPostprocessing = 0;
		};
/* End PBXResourcesBuildPhase section */

/* Begin PBXSourcesBuildPhase section */
		9492FE892CB99D33007E2E2E /* Sources */ = {
			isa = PBXSourcesBuildPhase;
			buildActionMask = 2147483647;
			files = (
			);
			runOnlyForDeploymentPostprocessing = 0;
		};
		9492FE992CB99D35007E2E2E /* Sources */ = {
			isa = PBXSourcesBuildPhase;
			buildActionMask = 2147483647;
			files = (
			);
			runOnlyForDeploymentPostprocessing = 0;
		};
		9492FEA32CB99D35007E2E2E /* Sources */ = {
			isa = PBXSourcesBuildPhase;
			buildActionMask = 2147483647;
			files = (
			);
			runOnlyForDeploymentPostprocessing = 0;
		};
/* End PBXSourcesBuildPhase section */

/* Begin PBXTargetDependency section */
		9492FE9F2CB99D35007E2E2E /* PBXTargetDependency */ = {
			isa = PBXTargetDependency;
			target = 9492FE8C2CB99D33007E2E2E /* Roomi */;
			targetProxy = 9492FE9E2CB99D35007E2E2E /* PBXContainerItemProxy */;
		};
		9492FEA92CB99D35007E2E2E /* PBXTargetDependency */ = {
			isa = PBXTargetDependency;
			target = 9492FE8C2CB99D33007E2E2E /* Roomi */;
			targetProxy = 9492FEA82CB99D35007E2E2E /* PBXContainerItemProxy */;
		};
/* End PBXTargetDependency section */

/* Begin XCBuildConfiguration section */
		9492FEAF2CB99D35007E2E2E /* Debug */ = {
			isa = XCBuildConfiguration;
			buildSettings = {
				ALWAYS_SEARCH_USER_PATHS = NO;
				ASSETCATALOG_COMPILER_GENERATE_SWIFT_ASSET_SYMBOL_EXTENSIONS = YES;
				CLANG_ANALYZER_NONNULL = YES;
				CLANG_ANALYZER_NUMBER_OBJECT_CONVERSION = YES_AGGRESSIVE;
				CLANG_CXX_LANGUAGE_STANDARD = "gnu++20";
				CLANG_ENABLE_MODULES = YES;
				CLANG_ENABLE_OBJC_ARC = YES;
				CLANG_ENABLE_OBJC_WEAK = YES;
				CLANG_WARN_BLOCK_CAPTURE_AUTORELEASING = YES;
				CLANG_WARN_BOOL_CONVERSION = YES;
				CLANG_WARN_COMMA = YES;
				CLANG_WARN_CONSTANT_CONVERSION = YES;
				CLANG_WARN_DEPRECATED_OBJC_IMPLEMENTATIONS = YES;
				CLANG_WARN_DIRECT_OBJC_ISA_USAGE = YES_ERROR;
				CLANG_WARN_DOCUMENTATION_COMMENTS = YES;
				CLANG_WARN_EMPTY_BODY = YES;
				CLANG_WARN_ENUM_CONVERSION = YES;
				CLANG_WARN_INFINITE_RECURSION = YES;
				CLANG_WARN_INT_CONVERSION = YES;
				CLANG_WARN_NON_LITERAL_NULL_CONVERSION = YES;
				CLANG_WARN_OBJC_IMPLICIT_RETAIN_SELF = YES;
				CLANG_WARN_OBJC_LITERAL_CONVERSION = YES;
				CLANG_WARN_OBJC_ROOT_CLASS = YES_ERROR;
				CLANG_WARN_QUOTED_INCLUDE_IN_FRAMEWORK_HEADER = YES;
				CLANG_WARN_RANGE_LOOP_ANALYSIS = YES;
				CLANG_WARN_STRICT_PROTOTYPES = YES;
				CLANG_WARN_SUSPICIOUS_MOVE = YES;
				CLANG_WARN_UNGUARDED_AVAILABILITY = YES_AGGRESSIVE;
				CLANG_WARN_UNREACHABLE_CODE = YES;
				CLANG_WARN__DUPLICATE_METHOD_MATCH = YES;
				COPY_PHASE_STRIP = NO;
				DEBUG_INFORMATION_FORMAT = dwarf;
				ENABLE_STRICT_OBJC_MSGSEND = YES;
				ENABLE_TESTABILITY = YES;
				ENABLE_USER_SCRIPT_SANDBOXING = YES;
				GCC_C_LANGUAGE_STANDARD = gnu17;
				GCC_DYNAMIC_NO_PIC = NO;
				GCC_NO_COMMON_BLOCKS = YES;
				GCC_OPTIMIZATION_LEVEL = 0;
				GCC_PREPROCESSOR_DEFINITIONS = (
					"DEBUG=1",
					"$(inherited)",
				);
				GCC_WARN_64_TO_32_BIT_CONVERSION = YES;
				GCC_WARN_ABOUT_RETURN_TYPE = YES_ERROR;
				GCC_WARN_UNDECLARED_SELECTOR = YES;
				GCC_WARN_UNINITIALIZED_AUTOS = YES_AGGRESSIVE;
				GCC_WARN_UNUSED_FUNCTION = YES;
				GCC_WARN_UNUSED_VARIABLE = YES;
				IPHONEOS_DEPLOYMENT_TARGET = 18.0;
				LOCALIZATION_PREFERS_STRING_CATALOGS = YES;
				MTL_ENABLE_DEBUG_INFO = INCLUDE_SOURCE;
				MTL_FAST_MATH = YES;
				ONLY_ACTIVE_ARCH = YES;
				SDKROOT = iphoneos;
				SWIFT_ACTIVE_COMPILATION_CONDITIONS = "DEBUG $(inherited)";
				SWIFT_OPTIMIZATION_LEVEL = "-Onone";
			};
			name = Debug;
		};
		9492FEB02CB99D35007E2E2E /* Release */ = {
			isa = XCBuildConfiguration;
			buildSettings = {
				ALWAYS_SEARCH_USER_PATHS = NO;
				ASSETCATALOG_COMPILER_GENERATE_SWIFT_ASSET_SYMBOL_EXTENSIONS = YES;
				CLANG_ANALYZER_NONNULL = YES;
				CLANG_ANALYZER_NUMBER_OBJECT_CONVERSION = YES_AGGRESSIVE;
				CLANG_CXX_LANGUAGE_STANDARD = "gnu++20";
				CLANG_ENABLE_MODULES = YES;
				CLANG_ENABLE_OBJC_ARC = YES;
				CLANG_ENABLE_OBJC_WEAK = YES;
				CLANG_WARN_BLOCK_CAPTURE_AUTORELEASING = YES;
				CLANG_WARN_BOOL_CONVERSION = YES;
				CLANG_WARN_COMMA = YES;
				CLANG_WARN_CONSTANT_CONVERSION = YES;
				CLANG_WARN_DEPRECATED_OBJC_IMPLEMENTATIONS = YES;
				CLANG_WARN_DIRECT_OBJC_ISA_USAGE = YES_ERROR;
				CLANG_WARN_DOCUMENTATION_COMMENTS = YES;
				CLANG_WARN_EMPTY_BODY = YES;
				CLANG_WARN_ENUM_CONVERSION = YES;
				CLANG_WARN_INFINITE_RECURSION = YES;
				CLANG_WARN_INT_CONVERSION = YES;
				CLANG_WARN_NON_LITERAL_NULL_CONVERSION = YES;
				CLANG_WARN_OBJC_IMPLICIT_RETAIN_SELF = YES;
				CLANG_WARN_OBJC_LITERAL_CONVERSION = YES;
				CLANG_WARN_OBJC_ROOT_CLASS = YES_ERROR;
				CLANG_WARN_QUOTED_INCLUDE_IN_FRAMEWORK_HEADER = YES;
				CLANG_WARN_RANGE_LOOP_ANALYSIS = YES;
				CLANG_WARN_STRICT_PROTOTYPES = YES;
				CLANG_WARN_SUSPICIOUS_MOVE = YES;
				CLANG_WARN_UNGUARDED_AVAILABILITY = YES_AGGRESSIVE;
				CLANG_WARN_UNREACHABLE_CODE = YES;
				CLANG_WARN__DUPLICATE_METHOD_MATCH = YES;
				COPY_PHASE_STRIP = NO;
				DEBUG_INFORMATION_FORMAT = "dwarf-with-dsym";
				ENABLE_NS_ASSERTIONS = NO;
				ENABLE_STRICT_OBJC_MSGSEND = YES;
				ENABLE_USER_SCRIPT_SANDBOXING = YES;
				GCC_C_LANGUAGE_STANDARD = gnu17;
				GCC_NO_COMMON_BLOCKS = YES;
				GCC_WARN_64_TO_32_BIT_CONVERSION = YES;
				GCC_WARN_ABOUT_RETURN_TYPE = YES_ERROR;
				GCC_WARN_UNDECLARED_SELECTOR = YES;
				GCC_WARN_UNINITIALIZED_AUTOS = YES_AGGRESSIVE;
				GCC_WARN_UNUSED_FUNCTION = YES;
				GCC_WARN_UNUSED_VARIABLE = YES;
				IPHONEOS_DEPLOYMENT_TARGET = 18.0;
				LOCALIZATION_PREFERS_STRING_CATALOGS = YES;
				MTL_ENABLE_DEBUG_INFO = NO;
				MTL_FAST_MATH = YES;
				SDKROOT = iphoneos;
				SWIFT_COMPILATION_MODE = wholemodule;
				VALIDATE_PRODUCT = YES;
			};
			name = Release;
		};
		9492FEB22CB99D35007E2E2E /* Debug */ = {
			isa = XCBuildConfiguration;
			buildSettings = {
				ASSETCATALOG_COMPILER_APPICON_NAME = AppIcon;
				ASSETCATALOG_COMPILER_GLOBAL_ACCENT_COLOR_NAME = AccentColor;
				CODE_SIGN_STYLE = Automatic;
				CURRENT_PROJECT_VERSION = 1;
				DEVELOPMENT_ASSET_PATHS = "\"Roomi/Preview Content\"";
				DEVELOPMENT_TEAM = BYD5HE7S4R;
				ENABLE_PREVIEWS = YES;
				GENERATE_INFOPLIST_FILE = YES;
				INFOPLIST_KEY_UIApplicationSceneManifest_Generation = YES;
				INFOPLIST_KEY_UIApplicationSupportsIndirectInputEvents = YES;
				INFOPLIST_KEY_UILaunchScreen_Generation = YES;
				INFOPLIST_KEY_UISupportedInterfaceOrientations_iPad = "UIInterfaceOrientationPortrait UIInterfaceOrientationPortraitUpsideDown UIInterfaceOrientationLandscapeLeft UIInterfaceOrientationLandscapeRight";
				INFOPLIST_KEY_UISupportedInterfaceOrientations_iPhone = "UIInterfaceOrientationPortrait UIInterfaceOrientationLandscapeLeft UIInterfaceOrientationLandscapeRight";
				LD_RUNPATH_SEARCH_PATHS = (
					"$(inherited)",
					"@executable_path/Frameworks",
				);
				MARKETING_VERSION = 1.0;
				PRODUCT_BUNDLE_IDENTIFIER = com.benconte.Roomi;
				PRODUCT_NAME = "$(TARGET_NAME)";
				SWIFT_EMIT_LOC_STRINGS = YES;
				SWIFT_VERSION = 5.0;
				TARGETED_DEVICE_FAMILY = "1,2";
			};
			name = Debug;
		};
		9492FEB32CB99D35007E2E2E /* Release */ = {
			isa = XCBuildConfiguration;
			buildSettings = {
				ASSETCATALOG_COMPILER_APPICON_NAME = AppIcon;
				ASSETCATALOG_COMPILER_GLOBAL_ACCENT_COLOR_NAME = AccentColor;
				CODE_SIGN_STYLE = Automatic;
				CURRENT_PROJECT_VERSION = 1;
				DEVELOPMENT_ASSET_PATHS = "\"Roomi/Preview Content\"";
				DEVELOPMENT_TEAM = BYD5HE7S4R;
				ENABLE_PREVIEWS = YES;
				GENERATE_INFOPLIST_FILE = YES;
				INFOPLIST_KEY_UIApplicationSceneManifest_Generation = YES;
				INFOPLIST_KEY_UIApplicationSupportsIndirectInputEvents = YES;
				INFOPLIST_KEY_UILaunchScreen_Generation = YES;
				INFOPLIST_KEY_UISupportedInterfaceOrientations_iPad = "UIInterfaceOrientationPortrait UIInterfaceOrientationPortraitUpsideDown UIInterfaceOrientationLandscapeLeft UIInterfaceOrientationLandscapeRight";
				INFOPLIST_KEY_UISupportedInterfaceOrientations_iPhone = "UIInterfaceOrientationPortrait UIInterfaceOrientationLandscapeLeft UIInterfaceOrientationLandscapeRight";
				LD_RUNPATH_SEARCH_PATHS = (
					"$(inherited)",
					"@executable_path/Frameworks",
				);
				MARKETING_VERSION = 1.0;
				PRODUCT_BUNDLE_IDENTIFIER = com.benconte.Roomi;
				PRODUCT_NAME = "$(TARGET_NAME)";
				SWIFT_EMIT_LOC_STRINGS = YES;
				SWIFT_VERSION = 5.0;
				TARGETED_DEVICE_FAMILY = "1,2";
			};
			name = Release;
		};
		9492FEB52CB99D35007E2E2E /* Debug */ = {
			isa = XCBuildConfiguration;
			buildSettings = {
				BUNDLE_LOADER = "$(TEST_HOST)";
				CODE_SIGN_STYLE = Automatic;
				CURRENT_PROJECT_VERSION = 1;
				GENERATE_INFOPLIST_FILE = YES;
				IPHONEOS_DEPLOYMENT_TARGET = 18.0;
				MARKETING_VERSION = 1.0;
				PRODUCT_BUNDLE_IDENTIFIER = com.alecmorrison.RoomiTests;
				PRODUCT_NAME = "$(TARGET_NAME)";
				SWIFT_EMIT_LOC_STRINGS = NO;
				SWIFT_VERSION = 5.0;
				TARGETED_DEVICE_FAMILY = "1,2";
				TEST_HOST = "$(BUILT_PRODUCTS_DIR)/Roomi.app/$(BUNDLE_EXECUTABLE_FOLDER_PATH)/Roomi";
			};
			name = Debug;
		};
		9492FEB62CB99D35007E2E2E /* Release */ = {
			isa = XCBuildConfiguration;
			buildSettings = {
				BUNDLE_LOADER = "$(TEST_HOST)";
				CODE_SIGN_STYLE = Automatic;
				CURRENT_PROJECT_VERSION = 1;
				GENERATE_INFOPLIST_FILE = YES;
				IPHONEOS_DEPLOYMENT_TARGET = 18.0;
				MARKETING_VERSION = 1.0;
				PRODUCT_BUNDLE_IDENTIFIER = com.alecmorrison.RoomiTests;
				PRODUCT_NAME = "$(TARGET_NAME)";
				SWIFT_EMIT_LOC_STRINGS = NO;
				SWIFT_VERSION = 5.0;
				TARGETED_DEVICE_FAMILY = "1,2";
				TEST_HOST = "$(BUILT_PRODUCTS_DIR)/Roomi.app/$(BUNDLE_EXECUTABLE_FOLDER_PATH)/Roomi";
			};
			name = Release;
		};
		9492FEB82CB99D35007E2E2E /* Debug */ = {
			isa = XCBuildConfiguration;
			buildSettings = {
				CODE_SIGN_STYLE = Automatic;
				CURRENT_PROJECT_VERSION = 1;
				GENERATE_INFOPLIST_FILE = YES;
				MARKETING_VERSION = 1.0;
				PRODUCT_BUNDLE_IDENTIFIER = com.alecmorrison.RoomiUITests;
				PRODUCT_NAME = "$(TARGET_NAME)";
				SWIFT_EMIT_LOC_STRINGS = NO;
				SWIFT_VERSION = 5.0;
				TARGETED_DEVICE_FAMILY = "1,2";
				TEST_TARGET_NAME = Roomi;
			};
			name = Debug;
		};
		9492FEB92CB99D35007E2E2E /* Release */ = {
			isa = XCBuildConfiguration;
			buildSettings = {
				CODE_SIGN_STYLE = Automatic;
				CURRENT_PROJECT_VERSION = 1;
				GENERATE_INFOPLIST_FILE = YES;
				MARKETING_VERSION = 1.0;
				PRODUCT_BUNDLE_IDENTIFIER = com.alecmorrison.RoomiUITests;
				PRODUCT_NAME = "$(TARGET_NAME)";
				SWIFT_EMIT_LOC_STRINGS = NO;
				SWIFT_VERSION = 5.0;
				TARGETED_DEVICE_FAMILY = "1,2";
				TEST_TARGET_NAME = Roomi;
			};
			name = Release;
		};
/* End XCBuildConfiguration section */

/* Begin XCConfigurationList section */
		9492FE882CB99D33007E2E2E /* Build configuration list for PBXProject "Roomi" */ = {
			isa = XCConfigurationList;
			buildConfigurations = (
				9492FEAF2CB99D35007E2E2E /* Debug */,
				9492FEB02CB99D35007E2E2E /* Release */,
			);
			defaultConfigurationIsVisible = 0;
			defaultConfigurationName = Release;
		};
		9492FEB12CB99D35007E2E2E /* Build configuration list for PBXNativeTarget "Roomi" */ = {
			isa = XCConfigurationList;
			buildConfigurations = (
				9492FEB22CB99D35007E2E2E /* Debug */,
				9492FEB32CB99D35007E2E2E /* Release */,
			);
			defaultConfigurationIsVisible = 0;
			defaultConfigurationName = Release;
		};
		9492FEB42CB99D35007E2E2E /* Build configuration list for PBXNativeTarget "RoomiTests" */ = {
			isa = XCConfigurationList;
			buildConfigurations = (
				9492FEB52CB99D35007E2E2E /* Debug */,
				9492FEB62CB99D35007E2E2E /* Release */,
			);
			defaultConfigurationIsVisible = 0;
			defaultConfigurationName = Release;
		};
		9492FEB72CB99D35007E2E2E /* Build configuration list for PBXNativeTarget "RoomiUITests" */ = {
			isa = XCConfigurationList;
			buildConfigurations = (
				9492FEB82CB99D35007E2E2E /* Debug */,
				9492FEB92CB99D35007E2E2E /* Release */,
			);
			defaultConfigurationIsVisible = 0;
			defaultConfigurationName = Release;
		};
/* End XCConfigurationList section */

/* Begin XCRemoteSwiftPackageReference section */
		7DCC26482CC07D86009A5C42 /* XCRemoteSwiftPackageReference "firebase-ios-sdk" */ = {
			isa = XCRemoteSwiftPackageReference;
			repositoryURL = "https://github.com/firebase/firebase-ios-sdk";
			requirement = {
				kind = upToNextMajorVersion;
				minimumVersion = 11.3.0;
			};
		};
/* End XCRemoteSwiftPackageReference section */

/* Begin XCSwiftPackageProductDependency section */
		7DCC26492CC07D86009A5C42 /* FirebaseAnalytics */ = {
			isa = XCSwiftPackageProductDependency;
			package = 7DCC26482CC07D86009A5C42 /* XCRemoteSwiftPackageReference "firebase-ios-sdk" */;
			productName = FirebaseAnalytics;
		};
		7DCC264B2CC07D86009A5C42 /* FirebaseAuth */ = {
			isa = XCSwiftPackageProductDependency;
			package = 7DCC26482CC07D86009A5C42 /* XCRemoteSwiftPackageReference "firebase-ios-sdk" */;
			productName = FirebaseAuth;
		};
		7DCC264D2CC07D86009A5C42 /* FirebaseCore */ = {
			isa = XCSwiftPackageProductDependency;
			package = 7DCC26482CC07D86009A5C42 /* XCRemoteSwiftPackageReference "firebase-ios-sdk" */;
			productName = FirebaseCore;
		};
		7DCC264F2CC07D86009A5C42 /* FirebaseDatabase */ = {
			isa = XCSwiftPackageProductDependency;
			package = 7DCC26482CC07D86009A5C42 /* XCRemoteSwiftPackageReference "firebase-ios-sdk" */;
			productName = FirebaseDatabase;
		};
/* End XCSwiftPackageProductDependency section */
	};
	rootObject = 9492FE852CB99D33007E2E2E /* Project object */;
}
